
Microsoft Visual Studio Solution File, Format Version 12.00
# Visual Studio Version 17
VisualStudioVersion = 17.1.32228.430
MinimumVisualStudioVersion = 10.0.40219.1
Project("{FAE04EC0-301F-11D3-BF4B-00C04F79EFBC}") = "InjecaoDependencia", "InjecaoDependencia\InjecaoDependencia.csproj", "{8DACFCC5-96A2-4175-B67D-24787D029891}"
EndProject
Project("{FAE04EC0-301F-11D3-BF4B-00C04F79EFBC}") = "BuilderPattern", "BuilderPattern\BuilderPattern.csproj", "{49347F14-A7C6-4911-A72A-0AE4995AAFFF}"
EndProject
Project("{FAE04EC0-301F-11D3-BF4B-00C04F79EFBC}") = "SqlCrud", "SqlCrud\SqlCrud.csproj", "{61D1D6E2-F945-4B99-AAEE-35273C9F48A8}"
EndProject
Global
	GlobalSection(SolutionConfigurationPlatforms) = preSolution
		Debug|Any CPU = Debug|Any CPU
		Release|Any CPU = Release|Any CPU
	EndGlobalSection
	GlobalSection(ProjectConfigurationPlatforms) = postSolution
		{8DACFCC5-96A2-4175-B67D-24787D029891}.Debug|Any CPU.ActiveCfg = Debug|Any CPU
		{8DACFCC5-96A2-4175-B67D-24787D029891}.Debug|Any CPU.Build.0 = Debug|Any CPU
		{8DACFCC5-96A2-4175-B67D-24787D029891}.Release|Any CPU.ActiveCfg = Release|Any CPU
		{8DACFCC5-96A2-4175-B67D-24787D029891}.Release|Any CPU.Build.0 = Release|Any CPU
		{49347F14-A7C6-4911-A72A-0AE4995AAFFF}.Debug|Any CPU.ActiveCfg = Debug|Any CPU
		{49347F14-A7C6-4911-A72A-0AE4995AAFFF}.Debug|Any CPU.Build.0 = Debug|Any CPU
		{49347F14-A7C6-4911-A72A-0AE4995AAFFF}.Release|Any CPU.ActiveCfg = Release|Any CPU
		{49347F14-A7C6-4911-A72A-0AE4995AAFFF}.Release|Any CPU.Build.0 = Release|Any CPU
		{61D1D6E2-F945-4B99-AAEE-35273C9F48A8}.Debug|Any CPU.ActiveCfg = Debug|Any CPU
		{61D1D6E2-F945-4B99-AAEE-35273C9F48A8}.Debug|Any CPU.Build.0 = Debug|Any CPU
		{61D1D6E2-F945-4B99-AAEE-35273C9F48A8}.Release|Any CPU.ActiveCfg = Release|Any CPU
		{61D1D6E2-F945-4B99-AAEE-35273C9F48A8}.Release|Any CPU.Build.0 = Release|Any CPU
	EndGlobalSection
	GlobalSection(SolutionProperties) = preSolution
		HideSolutionNode = FALSE
	EndGlobalSection
	GlobalSection(ExtensibilityGlobals) = postSolution
		SolutionGuid = {FCEA640D-2D8F-4700-8DB4-6F3AC1CAE277}
	EndGlobalSection
EndGlobal
